// !$*UTF8*$!
{
	archiveVersion = 1;
	classes = {
	};
	objectVersion = 77;
	objects = {

/* Begin PBXBuildFile section */
		C836E19A2CC6D2DC0031CE81 /* FetchAllFriendsChat.swift in Sources */ = {isa = PBXBuildFile; fileRef = C836E1992CC6D2DC0031CE81 /* FetchAllFriendsChat.swift */; };
		C836E19C2CC6D2EE0031CE81 /* Decode.swift in Sources */ = {isa = PBXBuildFile; fileRef = C836E19B2CC6D2EB0031CE81 /* Decode.swift */; };
		C841917D2CC8257F00C8B5CC /* SDWebImage in Frameworks */ = {isa = PBXBuildFile; productRef = C841917C2CC8257F00C8B5CC /* SDWebImage */; };
		C841917F2CC8257F00C8B5CC /* SDWebImageMapKit in Frameworks */ = {isa = PBXBuildFile; productRef = C841917E2CC8257F00C8B5CC /* SDWebImageMapKit */; };
		C84E791E2CC911DB009F1B5D /* PrivateChat.swift in Sources */ = {isa = PBXBuildFile; fileRef = C84E791D2CC911DB009F1B5D /* PrivateChat.swift */; };
		C84E79682CC9454F009F1B5D /* IQKeyboardManagerSwift in Frameworks */ = {isa = PBXBuildFile; productRef = C84E79672CC9454F009F1B5D /* IQKeyboardManagerSwift */; };
		C84E79962CC95FCC009F1B5D /* FetchPreviousMessages.swift in Sources */ = {isa = PBXBuildFile; fileRef = C84E79952CC95FC3009F1B5D /* FetchPreviousMessages.swift */; };
		C8BA26D52CCA0F9500B44FF7 /* UserChatCell.swift in Sources */ = {isa = PBXBuildFile; fileRef = C8BA26D32CCA0F9500B44FF7 /* UserChatCell.swift */; };
		C8BA26D62CCA0F9500B44FF7 /* UserChatCell.xib in Resources */ = {isa = PBXBuildFile; fileRef = C8BA26D42CCA0F9500B44FF7 /* UserChatCell.xib */; };
		C8BA26D82CCA10F800B44FF7 /* PaddingLabel.swift in Sources */ = {isa = PBXBuildFile; fileRef = C8BA26D72CCA10F800B44FF7 /* PaddingLabel.swift */; };
		C8BA26DB2CCA131300B44FF7 /* ReplyChatCell.swift in Sources */ = {isa = PBXBuildFile; fileRef = C8BA26D92CCA131300B44FF7 /* ReplyChatCell.swift */; };
		C8BA26DC2CCA131300B44FF7 /* ReplyChatCell.xib in Resources */ = {isa = PBXBuildFile; fileRef = C8BA26DA2CCA131300B44FF7 /* ReplyChatCell.xib */; };
		C8C5CC4D2CB53A1C00FDA156 /* RecentlyChatVc.swift in Sources */ = {isa = PBXBuildFile; fileRef = C8C5CC4C2CB53A1C00FDA156 /* RecentlyChatVc.swift */; };
		C8C5CC672CB56EE000FDA156 /* ProfileCell.xib in Resources */ = {isa = PBXBuildFile; fileRef = C8C5CC662CB56EE000FDA156 /* ProfileCell.xib */; };
		C8C5CC682CB56EE000FDA156 /* ProfileCell.swift in Sources */ = {isa = PBXBuildFile; fileRef = C8C5CC652CB56EE000FDA156 /* ProfileCell.swift */; };
		C8C5CC6B2CB5782F00FDA156 /* DetailCell.xib in Resources */ = {isa = PBXBuildFile; fileRef = C8C5CC6A2CB5782F00FDA156 /* DetailCell.xib */; };
		C8C5CC6C2CB5782F00FDA156 /* DetailCell.swift in Sources */ = {isa = PBXBuildFile; fileRef = C8C5CC692CB5782F00FDA156 /* DetailCell.swift */; };
/* End PBXBuildFile section */

/* Begin PBXContainerItemProxy section */
		C8C5CC2E2CB539CD00FDA156 /* PBXContainerItemProxy */ = {
			isa = PBXContainerItemProxy;
			containerPortal = C8C5CC0F2CB539CB00FDA156 /* Project object */;
			proxyType = 1;
			remoteGlobalIDString = C8C5CC162CB539CB00FDA156;
			remoteInfo = PrivateChat;
		};
		C8C5CC382CB539CD00FDA156 /* PBXContainerItemProxy */ = {
			isa = PBXContainerItemProxy;
			containerPortal = C8C5CC0F2CB539CB00FDA156 /* Project object */;
			proxyType = 1;
			remoteGlobalIDString = C8C5CC162CB539CB00FDA156;
			remoteInfo = PrivateChat;
		};
/* End PBXContainerItemProxy section */

/* Begin PBXFileReference section */
		C836E1992CC6D2DC0031CE81 /* FetchAllFriendsChat.swift */ = {isa = PBXFileReference; lastKnownFileType = sourcecode.swift; path = FetchAllFriendsChat.swift; sourceTree = "<group>"; };
		C836E19B2CC6D2EB0031CE81 /* Decode.swift */ = {isa = PBXFileReference; lastKnownFileType = sourcecode.swift; path = Decode.swift; sourceTree = "<group>"; };
		C84E791D2CC911DB009F1B5D /* PrivateChat.swift */ = {isa = PBXFileReference; lastKnownFileType = sourcecode.swift; path = PrivateChat.swift; sourceTree = "<group>"; };
		C84E79952CC95FC3009F1B5D /* FetchPreviousMessages.swift */ = {isa = PBXFileReference; lastKnownFileType = sourcecode.swift; path = FetchPreviousMessages.swift; sourceTree = "<group>"; };
		C8BA26D32CCA0F9500B44FF7 /* UserChatCell.swift */ = {isa = PBXFileReference; lastKnownFileType = sourcecode.swift; path = UserChatCell.swift; sourceTree = "<group>"; };
		C8BA26D42CCA0F9500B44FF7 /* UserChatCell.xib */ = {isa = PBXFileReference; lastKnownFileType = file.xib; path = UserChatCell.xib; sourceTree = "<group>"; };
		C8BA26D72CCA10F800B44FF7 /* PaddingLabel.swift */ = {isa = PBXFileReference; lastKnownFileType = sourcecode.swift; path = PaddingLabel.swift; sourceTree = "<group>"; };
		C8BA26D92CCA131300B44FF7 /* ReplyChatCell.swift */ = {isa = PBXFileReference; lastKnownFileType = sourcecode.swift; path = ReplyChatCell.swift; sourceTree = "<group>"; };
		C8BA26DA2CCA131300B44FF7 /* ReplyChatCell.xib */ = {isa = PBXFileReference; lastKnownFileType = file.xib; path = ReplyChatCell.xib; sourceTree = "<group>"; };
		C8C5CC172CB539CC00FDA156 /* PrivateChat.app */ = {isa = PBXFileReference; explicitFileType = wrapper.application; includeInIndex = 0; path = PrivateChat.app; sourceTree = BUILT_PRODUCTS_DIR; };
		C8C5CC2D2CB539CD00FDA156 /* PrivateChatTests.xctest */ = {isa = PBXFileReference; explicitFileType = wrapper.cfbundle; includeInIndex = 0; path = PrivateChatTests.xctest; sourceTree = BUILT_PRODUCTS_DIR; };
		C8C5CC372CB539CD00FDA156 /* PrivateChatUITests.xctest */ = {isa = PBXFileReference; explicitFileType = wrapper.cfbundle; includeInIndex = 0; path = PrivateChatUITests.xctest; sourceTree = BUILT_PRODUCTS_DIR; };
		C8C5CC4C2CB53A1C00FDA156 /* RecentlyChatVc.swift */ = {isa = PBXFileReference; lastKnownFileType = sourcecode.swift; path = RecentlyChatVc.swift; sourceTree = "<group>"; };
		C8C5CC652CB56EE000FDA156 /* ProfileCell.swift */ = {isa = PBXFileReference; lastKnownFileType = sourcecode.swift; path = ProfileCell.swift; sourceTree = "<group>"; };
		C8C5CC662CB56EE000FDA156 /* ProfileCell.xib */ = {isa = PBXFileReference; lastKnownFileType = file.xib; path = ProfileCell.xib; sourceTree = "<group>"; };
		C8C5CC692CB5782F00FDA156 /* DetailCell.swift */ = {isa = PBXFileReference; lastKnownFileType = sourcecode.swift; path = DetailCell.swift; sourceTree = "<group>"; };
		C8C5CC6A2CB5782F00FDA156 /* DetailCell.xib */ = {isa = PBXFileReference; lastKnownFileType = file.xib; path = DetailCell.xib; sourceTree = "<group>"; };
/* End PBXFileReference section */

/* Begin PBXFileSystemSynchronizedBuildFileExceptionSet section */
		C8C5CC3F2CB539CD00FDA156 /* Exceptions for "PrivateChat" folder in "PrivateChat" target */ = {
			isa = PBXFileSystemSynchronizedBuildFileExceptionSet;
			membershipExceptions = (
				Info.plist,
			);
			target = C8C5CC162CB539CB00FDA156 /* PrivateChat */;
		};
/* End PBXFileSystemSynchronizedBuildFileExceptionSet section */

/* Begin PBXFileSystemSynchronizedRootGroup section */
		C8C5CC192CB539CC00FDA156 /* PrivateChat */ = {
			isa = PBXFileSystemSynchronizedRootGroup;
			exceptions = (
				C8C5CC3F2CB539CD00FDA156 /* Exceptions for "PrivateChat" folder in "PrivateChat" target */,
			);
			path = PrivateChat;
			sourceTree = "<group>";
		};
		C8C5CC302CB539CD00FDA156 /* PrivateChatTests */ = {
			isa = PBXFileSystemSynchronizedRootGroup;
			path = PrivateChatTests;
			sourceTree = "<group>";
		};
		C8C5CC3A2CB539CD00FDA156 /* PrivateChatUITests */ = {
			isa = PBXFileSystemSynchronizedRootGroup;
			path = PrivateChatUITests;
			sourceTree = "<group>";
		};
/* End PBXFileSystemSynchronizedRootGroup section */

/* Begin PBXFrameworksBuildPhase section */
		C8C5CC142CB539CB00FDA156 /* Frameworks */ = {
			isa = PBXFrameworksBuildPhase;
			buildActionMask = 2147483647;
			files = (
				C841917F2CC8257F00C8B5CC /* SDWebImageMapKit in Frameworks */,
				C841917D2CC8257F00C8B5CC /* SDWebImage in Frameworks */,
				C84E79682CC9454F009F1B5D /* IQKeyboardManagerSwift in Frameworks */,
			);
			runOnlyForDeploymentPostprocessing = 0;
		};
		C8C5CC2A2CB539CD00FDA156 /* Frameworks */ = {
			isa = PBXFrameworksBuildPhase;
			buildActionMask = 2147483647;
			files = (
			);
			runOnlyForDeploymentPostprocessing = 0;
		};
		C8C5CC342CB539CD00FDA156 /* Frameworks */ = {
			isa = PBXFrameworksBuildPhase;
			buildActionMask = 2147483647;
			files = (
			);
			runOnlyForDeploymentPostprocessing = 0;
		};
/* End PBXFrameworksBuildPhase section */

/* Begin PBXGroup section */
		C8C5CC0E2CB539CB00FDA156 = {
			isa = PBXGroup;
			children = (
				C8BA26D72CCA10F800B44FF7 /* PaddingLabel.swift */,
				C836E19B2CC6D2EB0031CE81 /* Decode.swift */,
				C8C5CC642CB56EC200FDA156 /* Cell */,
				C8C5CC4B2CB539E300FDA156 /* ViewController */,
				C8C5CC192CB539CC00FDA156 /* PrivateChat */,
				C8C5CC302CB539CD00FDA156 /* PrivateChatTests */,
				C8C5CC3A2CB539CD00FDA156 /* PrivateChatUITests */,
				C8C5CC182CB539CC00FDA156 /* Products */,
			);
			sourceTree = "<group>";
		};
		C8C5CC182CB539CC00FDA156 /* Products */ = {
			isa = PBXGroup;
			children = (
				C8C5CC172CB539CC00FDA156 /* PrivateChat.app */,
				C8C5CC2D2CB539CD00FDA156 /* PrivateChatTests.xctest */,
				C8C5CC372CB539CD00FDA156 /* PrivateChatUITests.xctest */,
			);
			name = Products;
			sourceTree = "<group>";
		};
		C8C5CC4B2CB539E300FDA156 /* ViewController */ = {
			isa = PBXGroup;
			children = (
				C84E79952CC95FC3009F1B5D /* FetchPreviousMessages.swift */,
				C836E1992CC6D2DC0031CE81 /* FetchAllFriendsChat.swift */,
				C8C5CC4C2CB53A1C00FDA156 /* RecentlyChatVc.swift */,
				C84E791D2CC911DB009F1B5D /* PrivateChat.swift */,
			);
			path = ViewController;
			sourceTree = "<group>";
		};
		C8C5CC642CB56EC200FDA156 /* Cell */ = {
			isa = PBXGroup;
			children = (
				C8C5CC652CB56EE000FDA156 /* ProfileCell.swift */,
				C8C5CC662CB56EE000FDA156 /* ProfileCell.xib */,
				C8C5CC692CB5782F00FDA156 /* DetailCell.swift */,
				C8C5CC6A2CB5782F00FDA156 /* DetailCell.xib */,
				C8BA26D32CCA0F9500B44FF7 /* UserChatCell.swift */,
				C8BA26D42CCA0F9500B44FF7 /* UserChatCell.xib */,
				C8BA26D92CCA131300B44FF7 /* ReplyChatCell.swift */,
				C8BA26DA2CCA131300B44FF7 /* ReplyChatCell.xib */,
			);
			path = Cell;
			sourceTree = "<group>";
		};
/* End PBXGroup section */

/* Begin PBXNativeTarget section */
		C8C5CC162CB539CB00FDA156 /* PrivateChat */ = {
			isa = PBXNativeTarget;
			buildConfigurationList = C8C5CC402CB539CD00FDA156 /* Build configuration list for PBXNativeTarget "PrivateChat" */;
			buildPhases = (
				C8C5CC132CB539CB00FDA156 /* Sources */,
				C8C5CC142CB539CB00FDA156 /* Frameworks */,
				C8C5CC152CB539CB00FDA156 /* Resources */,
			);
			buildRules = (
			);
			dependencies = (
			);
			fileSystemSynchronizedGroups = (
				C8C5CC192CB539CC00FDA156 /* PrivateChat */,
			);
			name = PrivateChat;
			packageProductDependencies = (
				C841917C2CC8257F00C8B5CC /* SDWebImage */,
				C841917E2CC8257F00C8B5CC /* SDWebImageMapKit */,
				C84E79672CC9454F009F1B5D /* IQKeyboardManagerSwift */,
			);
			productName = PrivateChat;
			productReference = C8C5CC172CB539CC00FDA156 /* PrivateChat.app */;
			productType = "com.apple.product-type.application";
		};
		C8C5CC2C2CB539CD00FDA156 /* PrivateChatTests */ = {
			isa = PBXNativeTarget;
			buildConfigurationList = C8C5CC452CB539CD00FDA156 /* Build configuration list for PBXNativeTarget "PrivateChatTests" */;
			buildPhases = (
				C8C5CC292CB539CD00FDA156 /* Sources */,
				C8C5CC2A2CB539CD00FDA156 /* Frameworks */,
				C8C5CC2B2CB539CD00FDA156 /* Resources */,
			);
			buildRules = (
			);
			dependencies = (
				C8C5CC2F2CB539CD00FDA156 /* PBXTargetDependency */,
			);
			fileSystemSynchronizedGroups = (
				C8C5CC302CB539CD00FDA156 /* PrivateChatTests */,
			);
			name = PrivateChatTests;
			packageProductDependencies = (
			);
			productName = PrivateChatTests;
			productReference = C8C5CC2D2CB539CD00FDA156 /* PrivateChatTests.xctest */;
			productType = "com.apple.product-type.bundle.unit-test";
		};
		C8C5CC362CB539CD00FDA156 /* PrivateChatUITests */ = {
			isa = PBXNativeTarget;
			buildConfigurationList = C8C5CC482CB539CD00FDA156 /* Build configuration list for PBXNativeTarget "PrivateChatUITests" */;
			buildPhases = (
				C8C5CC332CB539CD00FDA156 /* Sources */,
				C8C5CC342CB539CD00FDA156 /* Frameworks */,
				C8C5CC352CB539CD00FDA156 /* Resources */,
			);
			buildRules = (
			);
			dependencies = (
				C8C5CC392CB539CD00FDA156 /* PBXTargetDependency */,
			);
			fileSystemSynchronizedGroups = (
				C8C5CC3A2CB539CD00FDA156 /* PrivateChatUITests */,
			);
			name = PrivateChatUITests;
			packageProductDependencies = (
			);
			productName = PrivateChatUITests;
			productReference = C8C5CC372CB539CD00FDA156 /* PrivateChatUITests.xctest */;
			productType = "com.apple.product-type.bundle.ui-testing";
		};
/* End PBXNativeTarget section */

/* Begin PBXProject section */
		C8C5CC0F2CB539CB00FDA156 /* Project object */ = {
			isa = PBXProject;
			attributes = {
				BuildIndependentTargetsInParallel = 1;
				LastSwiftUpdateCheck = 1600;
				LastUpgradeCheck = 1600;
				TargetAttributes = {
					C8C5CC162CB539CB00FDA156 = {
						CreatedOnToolsVersion = 16.0;
					};
					C8C5CC2C2CB539CD00FDA156 = {
						CreatedOnToolsVersion = 16.0;
						TestTargetID = C8C5CC162CB539CB00FDA156;
					};
					C8C5CC362CB539CD00FDA156 = {
						CreatedOnToolsVersion = 16.0;
						TestTargetID = C8C5CC162CB539CB00FDA156;
					};
				};
			};
			buildConfigurationList = C8C5CC122CB539CB00FDA156 /* Build configuration list for PBXProject "PrivateChat" */;
			developmentRegion = en;
			hasScannedForEncodings = 0;
			knownRegions = (
				en,
				Base,
			);
			mainGroup = C8C5CC0E2CB539CB00FDA156;
			minimizedProjectReferenceProxies = 1;
			packageReferences = (
				C841917B2CC8257F00C8B5CC /* XCRemoteSwiftPackageReference "SDWebImage" */,
				C84E79662CC9454F009F1B5D /* XCRemoteSwiftPackageReference "IQKeyboardManager" */,
			);
			preferredProjectObjectVersion = 77;
			productRefGroup = C8C5CC182CB539CC00FDA156 /* Products */;
			projectDirPath = "";
			projectRoot = "";
			targets = (
				C8C5CC162CB539CB00FDA156 /* PrivateChat */,
				C8C5CC2C2CB539CD00FDA156 /* PrivateChatTests */,
				C8C5CC362CB539CD00FDA156 /* PrivateChatUITests */,
			);
		};
/* End PBXProject section */

/* Begin PBXResourcesBuildPhase section */
		C8C5CC152CB539CB00FDA156 /* Resources */ = {
			isa = PBXResourcesBuildPhase;
			buildActionMask = 2147483647;
			files = (
				C8BA26D62CCA0F9500B44FF7 /* UserChatCell.xib in Resources */,
				C8C5CC672CB56EE000FDA156 /* ProfileCell.xib in Resources */,
				C8BA26DC2CCA131300B44FF7 /* ReplyChatCell.xib in Resources */,
				C8C5CC6B2CB5782F00FDA156 /* DetailCell.xib in Resources */,
			);
			runOnlyForDeploymentPostprocessing = 0;
		};
		C8C5CC2B2CB539CD00FDA156 /* Resources */ = {
			isa = PBXResourcesBuildPhase;
			buildActionMask = 2147483647;
			files = (
			);
			runOnlyForDeploymentPostprocessing = 0;
		};
		C8C5CC352CB539CD00FDA156 /* Resources */ = {
			isa = PBXResourcesBuildPhase;
			buildActionMask = 2147483647;
			files = (
			);
			runOnlyForDeploymentPostprocessing = 0;
		};
/* End PBXResourcesBuildPhase section */

/* Begin PBXSourcesBuildPhase section */
		C8C5CC132CB539CB00FDA156 /* Sources */ = {
			isa = PBXSourcesBuildPhase;
			buildActionMask = 2147483647;
			files = (
				C8BA26D82CCA10F800B44FF7 /* PaddingLabel.swift in Sources */,
				C8C5CC4D2CB53A1C00FDA156 /* RecentlyChatVc.swift in Sources */,
				C836E19A2CC6D2DC0031CE81 /* FetchAllFriendsChat.swift in Sources */,
				C836E19C2CC6D2EE0031CE81 /* Decode.swift in Sources */,
				C8C5CC6C2CB5782F00FDA156 /* DetailCell.swift in Sources */,
				C8C5CC682CB56EE000FDA156 /* ProfileCell.swift in Sources */,
				C8BA26D52CCA0F9500B44FF7 /* UserChatCell.swift in Sources */,
				C84E79962CC95FCC009F1B5D /* FetchPreviousMessages.swift in Sources */,
				C84E791E2CC911DB009F1B5D /* PrivateChat.swift in Sources */,
				C8BA26DB2CCA131300B44FF7 /* ReplyChatCell.swift in Sources */,
			);
			runOnlyForDeploymentPostprocessing = 0;
		};
		C8C5CC292CB539CD00FDA156 /* Sources */ = {
			isa = PBXSourcesBuildPhase;
			buildActionMask = 2147483647;
			files = (
			);
			runOnlyForDeploymentPostprocessing = 0;
		};
		C8C5CC332CB539CD00FDA156 /* Sources */ = {
			isa = PBXSourcesBuildPhase;
			buildActionMask = 2147483647;
			files = (
			);
			runOnlyForDeploymentPostprocessing = 0;
		};
/* End PBXSourcesBuildPhase section */

/* Begin PBXTargetDependency section */
		C8C5CC2F2CB539CD00FDA156 /* PBXTargetDependency */ = {
			isa = PBXTargetDependency;
			target = C8C5CC162CB539CB00FDA156 /* PrivateChat */;
			targetProxy = C8C5CC2E2CB539CD00FDA156 /* PBXContainerItemProxy */;
		};
		C8C5CC392CB539CD00FDA156 /* PBXTargetDependency */ = {
			isa = PBXTargetDependency;
			target = C8C5CC162CB539CB00FDA156 /* PrivateChat */;
			targetProxy = C8C5CC382CB539CD00FDA156 /* PBXContainerItemProxy */;
		};
/* End PBXTargetDependency section */

/* Begin XCBuildConfiguration section */
		C8C5CC412CB539CD00FDA156 /* Debug */ = {
			isa = XCBuildConfiguration;
			buildSettings = {
				ASSETCATALOG_COMPILER_APPICON_NAME = AppIcon;
				ASSETCATALOG_COMPILER_GLOBAL_ACCENT_COLOR_NAME = AccentColor;
				CODE_SIGN_STYLE = Automatic;
				CURRENT_PROJECT_VERSION = 1;
				DEVELOPMENT_TEAM = 68W2966MBV;
				GENERATE_INFOPLIST_FILE = YES;
				INFOPLIST_FILE = PrivateChat/Info.plist;
				INFOPLIST_KEY_UIApplicationSupportsIndirectInputEvents = YES;
				INFOPLIST_KEY_UILaunchStoryboardName = LaunchScreen;
				INFOPLIST_KEY_UIMainStoryboardFile = Main;
				INFOPLIST_KEY_UISupportedInterfaceOrientations_iPad = "UIInterfaceOrientationPortrait UIInterfaceOrientationPortraitUpsideDown UIInterfaceOrientationLandscapeLeft UIInterfaceOrientationLandscapeRight";
				INFOPLIST_KEY_UISupportedInterfaceOrientations_iPhone = "UIInterfaceOrientationPortrait UIInterfaceOrientationLandscapeLeft UIInterfaceOrientationLandscapeRight";
				IPHONEOS_DEPLOYMENT_TARGET = 15.6;
				LD_RUNPATH_SEARCH_PATHS = (
					"$(inherited)",
					"@executable_path/Frameworks",
				);
				MARKETING_VERSION = 1.0;
				PRODUCT_BUNDLE_IDENTIFIER = com.sadiq.test.PrivateChat;
				PRODUCT_NAME = "$(TARGET_NAME)";
				SWIFT_EMIT_LOC_STRINGS = YES;
				SWIFT_VERSION = 5.0;
				TARGETED_DEVICE_FAMILY = "1,2";
			};
			name = Debug;
		};
		C8C5CC422CB539CD00FDA156 /* Release */ = {
			isa = XCBuildConfiguration;
			buildSettings = {
				ASSETCATALOG_COMPILER_APPICON_NAME = AppIcon;
				ASSETCATALOG_COMPILER_GLOBAL_ACCENT_COLOR_NAME = AccentColor;
				CODE_SIGN_STYLE = Automatic;
				CURRENT_PROJECT_VERSION = 1;
				DEVELOPMENT_TEAM = 68W2966MBV;
				GENERATE_INFOPLIST_FILE = YES;
				INFOPLIST_FILE = PrivateChat/Info.plist;
				INFOPLIST_KEY_UIApplicationSupportsIndirectInputEvents = YES;
				INFOPLIST_KEY_UILaunchStoryboardName = LaunchScreen;
				INFOPLIST_KEY_UIMainStoryboardFile = Main;
				INFOPLIST_KEY_UISupportedInterfaceOrientations_iPad = "UIInterfaceOrientationPortrait UIInterfaceOrientationPortraitUpsideDown UIInterfaceOrientationLandscapeLeft UIInterfaceOrientationLandscapeRight";
				INFOPLIST_KEY_UISupportedInterfaceOrientations_iPhone = "UIInterfaceOrientationPortrait UIInterfaceOrientationLandscapeLeft UIInterfaceOrientationLandscapeRight";
				IPHONEOS_DEPLOYMENT_TARGET = 15.6;
				LD_RUNPATH_SEARCH_PATHS = (
					"$(inherited)",
					"@executable_path/Frameworks",
				);
				MARKETING_VERSION = 1.0;
				PRODUCT_BUNDLE_IDENTIFIER = com.sadiq.test.PrivateChat;
				PRODUCT_NAME = "$(TARGET_NAME)";
				SWIFT_EMIT_LOC_STRINGS = YES;
				SWIFT_VERSION = 5.0;
				TARGETED_DEVICE_FAMILY = "1,2";
			};
			name = Release;
		};
		C8C5CC432CB539CD00FDA156 /* Debug */ = {
			isa = XCBuildConfiguration;
			buildSettings = {
				ALWAYS_SEARCH_USER_PATHS = NO;
				ASSETCATALOG_COMPILER_GENERATE_SWIFT_ASSET_SYMBOL_EXTENSIONS = YES;
				CLANG_ANALYZER_NONNULL = YES;
				CLANG_ANALYZER_NUMBER_OBJECT_CONVERSION = YES_AGGRESSIVE;
				CLANG_CXX_LANGUAGE_STANDARD = "gnu++20";
				CLANG_ENABLE_MODULES = YES;
				CLANG_ENABLE_OBJC_ARC = YES;
				CLANG_ENABLE_OBJC_WEAK = YES;
				CLANG_WARN_BLOCK_CAPTURE_AUTORELEASING = YES;
				CLANG_WARN_BOOL_CONVERSION = YES;
				CLANG_WARN_COMMA = YES;
				CLANG_WARN_CONSTANT_CONVERSION = YES;
				CLANG_WARN_DEPRECATED_OBJC_IMPLEMENTATIONS = YES;
				CLANG_WARN_DIRECT_OBJC_ISA_USAGE = YES_ERROR;
				CLANG_WARN_DOCUMENTATION_COMMENTS = YES;
				CLANG_WARN_EMPTY_BODY = YES;
				CLANG_WARN_ENUM_CONVERSION = YES;
				CLANG_WARN_INFINITE_RECURSION = YES;
				CLANG_WARN_INT_CONVERSION = YES;
				CLANG_WARN_NON_LITERAL_NULL_CONVERSION = YES;
				CLANG_WARN_OBJC_IMPLICIT_RETAIN_SELF = YES;
				CLANG_WARN_OBJC_LITERAL_CONVERSION = YES;
				CLANG_WARN_OBJC_ROOT_CLASS = YES_ERROR;
				CLANG_WARN_QUOTED_INCLUDE_IN_FRAMEWORK_HEADER = YES;
				CLANG_WARN_RANGE_LOOP_ANALYSIS = YES;
				CLANG_WARN_STRICT_PROTOTYPES = YES;
				CLANG_WARN_SUSPICIOUS_MOVE = YES;
				CLANG_WARN_UNGUARDED_AVAILABILITY = YES_AGGRESSIVE;
				CLANG_WARN_UNREACHABLE_CODE = YES;
				CLANG_WARN__DUPLICATE_METHOD_MATCH = YES;
				COPY_PHASE_STRIP = NO;
				DEBUG_INFORMATION_FORMAT = dwarf;
				ENABLE_STRICT_OBJC_MSGSEND = YES;
				ENABLE_TESTABILITY = YES;
				ENABLE_USER_SCRIPT_SANDBOXING = YES;
				GCC_C_LANGUAGE_STANDARD = gnu17;
				GCC_DYNAMIC_NO_PIC = NO;
				GCC_NO_COMMON_BLOCKS = YES;
				GCC_OPTIMIZATION_LEVEL = 0;
				GCC_PREPROCESSOR_DEFINITIONS = (
					"DEBUG=1",
					"$(inherited)",
				);
				GCC_WARN_64_TO_32_BIT_CONVERSION = YES;
				GCC_WARN_ABOUT_RETURN_TYPE = YES_ERROR;
				GCC_WARN_UNDECLARED_SELECTOR = YES;
				GCC_WARN_UNINITIALIZED_AUTOS = YES_AGGRESSIVE;
				GCC_WARN_UNUSED_FUNCTION = YES;
				GCC_WARN_UNUSED_VARIABLE = YES;
				IPHONEOS_DEPLOYMENT_TARGET = 18.0;
				LOCALIZATION_PREFERS_STRING_CATALOGS = YES;
				MTL_ENABLE_DEBUG_INFO = INCLUDE_SOURCE;
				MTL_FAST_MATH = YES;
				ONLY_ACTIVE_ARCH = YES;
				SDKROOT = iphoneos;
				SWIFT_ACTIVE_COMPILATION_CONDITIONS = "DEBUG $(inherited)";
				SWIFT_OPTIMIZATION_LEVEL = "-Onone";
			};
			name = Debug;
		};
		C8C5CC442CB539CD00FDA156 /* Release */ = {
			isa = XCBuildConfiguration;
			buildSettings = {
				ALWAYS_SEARCH_USER_PATHS = NO;
				ASSETCATALOG_COMPILER_GENERATE_SWIFT_ASSET_SYMBOL_EXTENSIONS = YES;
				CLANG_ANALYZER_NONNULL = YES;
				CLANG_ANALYZER_NUMBER_OBJECT_CONVERSION = YES_AGGRESSIVE;
				CLANG_CXX_LANGUAGE_STANDARD = "gnu++20";
				CLANG_ENABLE_MODULES = YES;
				CLANG_ENABLE_OBJC_ARC = YES;
				CLANG_ENABLE_OBJC_WEAK = YES;
				CLANG_WARN_BLOCK_CAPTURE_AUTORELEASING = YES;
				CLANG_WARN_BOOL_CONVERSION = YES;
				CLANG_WARN_COMMA = YES;
				CLANG_WARN_CONSTANT_CONVERSION = YES;
				CLANG_WARN_DEPRECATED_OBJC_IMPLEMENTATIONS = YES;
				CLANG_WARN_DIRECT_OBJC_ISA_USAGE = YES_ERROR;
				CLANG_WARN_DOCUMENTATION_COMMENTS = YES;
				CLANG_WARN_EMPTY_BODY = YES;
				CLANG_WARN_ENUM_CONVERSION = YES;
				CLANG_WARN_INFINITE_RECURSION = YES;
				CLANG_WARN_INT_CONVERSION = YES;
				CLANG_WARN_NON_LITERAL_NULL_CONVERSION = YES;
				CLANG_WARN_OBJC_IMPLICIT_RETAIN_SELF = YES;
				CLANG_WARN_OBJC_LITERAL_CONVERSION = YES;
				CLANG_WARN_OBJC_ROOT_CLASS = YES_ERROR;
				CLANG_WARN_QUOTED_INCLUDE_IN_FRAMEWORK_HEADER = YES;
				CLANG_WARN_RANGE_LOOP_ANALYSIS = YES;
				CLANG_WARN_STRICT_PROTOTYPES = YES;
				CLANG_WARN_SUSPICIOUS_MOVE = YES;
				CLANG_WARN_UNGUARDED_AVAILABILITY = YES_AGGRESSIVE;
				CLANG_WARN_UNREACHABLE_CODE = YES;
				CLANG_WARN__DUPLICATE_METHOD_MATCH = YES;
				COPY_PHASE_STRIP = NO;
				DEBUG_INFORMATION_FORMAT = "dwarf-with-dsym";
				ENABLE_NS_ASSERTIONS = NO;
				ENABLE_STRICT_OBJC_MSGSEND = YES;
				ENABLE_USER_SCRIPT_SANDBOXING = YES;
				GCC_C_LANGUAGE_STANDARD = gnu17;
				GCC_NO_COMMON_BLOCKS = YES;
				GCC_WARN_64_TO_32_BIT_CONVERSION = YES;
				GCC_WARN_ABOUT_RETURN_TYPE = YES_ERROR;
				GCC_WARN_UNDECLARED_SELECTOR = YES;
				GCC_WARN_UNINITIALIZED_AUTOS = YES_AGGRESSIVE;
				GCC_WARN_UNUSED_FUNCTION = YES;
				GCC_WARN_UNUSED_VARIABLE = YES;
				IPHONEOS_DEPLOYMENT_TARGET = 18.0;
				LOCALIZATION_PREFERS_STRING_CATALOGS = YES;
				MTL_ENABLE_DEBUG_INFO = NO;
				MTL_FAST_MATH = YES;
				SDKROOT = iphoneos;
				SWIFT_COMPILATION_MODE = wholemodule;
				VALIDATE_PRODUCT = YES;
			};
			name = Release;
		};
		C8C5CC462CB539CD00FDA156 /* Debug */ = {
			isa = XCBuildConfiguration;
			buildSettings = {
				BUNDLE_LOADER = "$(TEST_HOST)";
				CODE_SIGN_STYLE = Automatic;
				CURRENT_PROJECT_VERSION = 1;
				GENERATE_INFOPLIST_FILE = YES;
				IPHONEOS_DEPLOYMENT_TARGET = 18.0;
				MARKETING_VERSION = 1.0;
				PRODUCT_BUNDLE_IDENTIFIER = com.sadiq.test.PrivateChatTests;
				PRODUCT_NAME = "$(TARGET_NAME)";
				SWIFT_EMIT_LOC_STRINGS = NO;
				SWIFT_VERSION = 5.0;
				TARGETED_DEVICE_FAMILY = "1,2";
				TEST_HOST = "$(BUILT_PRODUCTS_DIR)/PrivateChat.app/$(BUNDLE_EXECUTABLE_FOLDER_PATH)/PrivateChat";
			};
			name = Debug;
		};
		C8C5CC472CB539CD00FDA156 /* Release */ = {
			isa = XCBuildConfiguration;
			buildSettings = {
				BUNDLE_LOADER = "$(TEST_HOST)";
				CODE_SIGN_STYLE = Automatic;
				CURRENT_PROJECT_VERSION = 1;
				GENERATE_INFOPLIST_FILE = YES;
				IPHONEOS_DEPLOYMENT_TARGET = 18.0;
				MARKETING_VERSION = 1.0;
				PRODUCT_BUNDLE_IDENTIFIER = com.sadiq.test.PrivateChatTests;
				PRODUCT_NAME = "$(TARGET_NAME)";
				SWIFT_EMIT_LOC_STRINGS = NO;
				SWIFT_VERSION = 5.0;
				TARGETED_DEVICE_FAMILY = "1,2";
				TEST_HOST = "$(BUILT_PRODUCTS_DIR)/PrivateChat.app/$(BUNDLE_EXECUTABLE_FOLDER_PATH)/PrivateChat";
			};
			name = Release;
		};
		C8C5CC492CB539CD00FDA156 /* Debug */ = {
			isa = XCBuildConfiguration;
			buildSettings = {
				CODE_SIGN_STYLE = Automatic;
				CURRENT_PROJECT_VERSION = 1;
				GENERATE_INFOPLIST_FILE = YES;
				MARKETING_VERSION = 1.0;
				PRODUCT_BUNDLE_IDENTIFIER = com.sadiq.test.PrivateChatUITests;
				PRODUCT_NAME = "$(TARGET_NAME)";
				SWIFT_EMIT_LOC_STRINGS = NO;
				SWIFT_VERSION = 5.0;
				TARGETED_DEVICE_FAMILY = "1,2";
				TEST_TARGET_NAME = PrivateChat;
			};
			name = Debug;
		};
		C8C5CC4A2CB539CD00FDA156 /* Release */ = {
			isa = XCBuildConfiguration;
			buildSettings = {
				CODE_SIGN_STYLE = Automatic;
				CURRENT_PROJECT_VERSION = 1;
				GENERATE_INFOPLIST_FILE = YES;
				MARKETING_VERSION = 1.0;
				PRODUCT_BUNDLE_IDENTIFIER = com.sadiq.test.PrivateChatUITests;
				PRODUCT_NAME = "$(TARGET_NAME)";
				SWIFT_EMIT_LOC_STRINGS = NO;
				SWIFT_VERSION = 5.0;
				TARGETED_DEVICE_FAMILY = "1,2";
				TEST_TARGET_NAME = PrivateChat;
			};
			name = Release;
		};
/* End XCBuildConfiguration section */

/* Begin XCConfigurationList section */
		C8C5CC122CB539CB00FDA156 /* Build configuration list for PBXProject "PrivateChat" */ = {
			isa = XCConfigurationList;
			buildConfigurations = (
				C8C5CC432CB539CD00FDA156 /* Debug */,
				C8C5CC442CB539CD00FDA156 /* Release */,
			);
			defaultConfigurationIsVisible = 0;
			defaultConfigurationName = Release;
		};
		C8C5CC402CB539CD00FDA156 /* Build configuration list for PBXNativeTarget "PrivateChat" */ = {
			isa = XCConfigurationList;
			buildConfigurations = (
				C8C5CC412CB539CD00FDA156 /* Debug */,
				C8C5CC422CB539CD00FDA156 /* Release */,
			);
			defaultConfigurationIsVisible = 0;
			defaultConfigurationName = Release;
		};
		C8C5CC452CB539CD00FDA156 /* Build configuration list for PBXNativeTarget "PrivateChatTests" */ = {
			isa = XCConfigurationList;
			buildConfigurations = (
				C8C5CC462CB539CD00FDA156 /* Debug */,
				C8C5CC472CB539CD00FDA156 /* Release */,
			);
			defaultConfigurationIsVisible = 0;
			defaultConfigurationName = Release;
		};
		C8C5CC482CB539CD00FDA156 /* Build configuration list for PBXNativeTarget "PrivateChatUITests" */ = {
			isa = XCConfigurationList;
			buildConfigurations = (
				C8C5CC492CB539CD00FDA156 /* Debug */,
				C8C5CC4A2CB539CD00FDA156 /* Release */,
			);
			defaultConfigurationIsVisible = 0;
			defaultConfigurationName = Release;
		};
/* End XCConfigurationList section */

/* Begin XCRemoteSwiftPackageReference section */
		C841917B2CC8257F00C8B5CC /* XCRemoteSwiftPackageReference "SDWebImage" */ = {
			isa = XCRemoteSwiftPackageReference;
			repositoryURL = "https://github.com/SDWebImage/SDWebImage.git";
			requirement = {
				kind = upToNextMajorVersion;
				minimumVersion = 5.19.7;
			};
		};
		C84E79662CC9454F009F1B5D /* XCRemoteSwiftPackageReference "IQKeyboardManager" */ = {
			isa = XCRemoteSwiftPackageReference;
			repositoryURL = "https://github.com/hackiftekhar/IQKeyboardManager.git";
			requirement = {
				kind = upToNextMajorVersion;
				minimumVersion = 7.2.0;
			};
		};
/* End XCRemoteSwiftPackageReference section */

/* Begin XCSwiftPackageProductDependency section */
		C841917C2CC8257F00C8B5CC /* SDWebImage */ = {
			isa = XCSwiftPackageProductDependency;
			package = C841917B2CC8257F00C8B5CC /* XCRemoteSwiftPackageReference "SDWebImage" */;
			productName = SDWebImage;
		};
		C841917E2CC8257F00C8B5CC /* SDWebImageMapKit */ = {
			isa = XCSwiftPackageProductDependency;
			package = C841917B2CC8257F00C8B5CC /* XCRemoteSwiftPackageReference "SDWebImage" */;
			productName = SDWebImageMapKit;
		};
		C84E79672CC9454F009F1B5D /* IQKeyboardManagerSwift */ = {
			isa = XCSwiftPackageProductDependency;
			package = C84E79662CC9454F009F1B5D /* XCRemoteSwiftPackageReference "IQKeyboardManager" */;
			productName = IQKeyboardManagerSwift;
		};
/* End XCSwiftPackageProductDependency section */
	};
	rootObject = C8C5CC0F2CB539CB00FDA156 /* Project object */;
}
